
Microsoft Visual Studio Solution File, Format Version 12.00
# Visual Studio Version 17
VisualStudioVersion = 17.1.32210.238
MinimumVisualStudioVersion = 10.0.40219.1
Project("{FAE04EC0-301F-11D3-BF4B-00C04F79EFBC}") = "LarryClassLibrary", "LarryClassLibrary\LarryClassLibrary.csproj", "{331C1EBE-5C7D-456A-9CCE-8D70B05EF035}"
EndProject
Global
	GlobalSection(SolutionConfigurationPlatforms) = preSolution
		Debug|Any CPU = Debug|Any CPU
		Release|Any CPU = Release|Any CPU
	EndGlobalSection
	GlobalSection(ProjectConfigurationPlatforms) = postSolution
		{331C1EBE-5C7D-456A-9CCE-8D70B05EF035}.Debug|Any CPU.ActiveCfg = Debug|Any CPU
		{331C1EBE-5C7D-456A-9CCE-8D70B05EF035}.Debug|Any CPU.Build.0 = Debug|Any CPU
		{331C1EBE-5C7D-456A-9CCE-8D70B05EF035}.Release|Any CPU.ActiveCfg = Release|Any CPU
		{331C1EBE-5C7D-456A-9CCE-8D70B05EF035}.Release|Any CPU.Build.0 = Release|Any CPU
	EndGlobalSection
	GlobalSection(SolutionProperties) = preSolution
		HideSolutionNode = FALSE
	EndGlobalSection
	GlobalSection(ExtensibilityGlobals) = postSolution
		SolutionGuid = {219D69C1-2F02-4C88-9DDF-067831EB1A63}
	EndGlobalSection
EndGlobal
